
Microsoft Visual Studio Solution File, Format Version 12.00
Project("{2150E333-8FDC-42A3-9474-1A3956D46DE8}") = "src", "src", "{F4131130-DDAA-471C-B655-D99479E2BB7D}"
EndProject
Project("{2150E333-8FDC-42A3-9474-1A3956D46DE8}") = "common", "common", "{5D530E7E-A7CF-4A4D-A43D-6CAD9C290B12}"
	ProjectSection(SolutionItems) = preProject
		.editorconfig = .editorconfig
		.gitignore = .gitignore
		Directory.Build.props = Directory.Build.props
		Directory.Packages.props = Directory.Packages.props
		docker-compose.yml = docker-compose.yml
		Dockerfile = Dockerfile
		README.md = README.md
	EndProjectSection
EndProject
Project("{FAE04EC0-301F-11D3-BF4B-00C04F79EFBC}") = "ECC.DanceCup.Auth", "src\ECC.DanceCup.Auth\ECC.DanceCup.Auth.csproj", "{B0CCFD41-6779-47FE-9763-C9F3FAC7A4AE}"
EndProject
Project("{2150E333-8FDC-42A3-9474-1A3956D46DE8}") = "Domain", "Domain", "{1BBB0A58-CDCB-47B1-A2AF-978A7C4FB38C}"
EndProject
Project("{2150E333-8FDC-42A3-9474-1A3956D46DE8}") = "Application", "Application", "{B4BC0231-5C07-4705-A9A2-8DAC06251E5C}"
EndProject
Project("{2150E333-8FDC-42A3-9474-1A3956D46DE8}") = "Infrastructure", "Infrastructure", "{29462F65-5941-416E-A921-206CDF892563}"
EndProject
Project("{2150E333-8FDC-42A3-9474-1A3956D46DE8}") = "Presentation", "Presentation", "{843C521D-0AC4-428E-BA19-B34D56682D5C}"
EndProject
Project("{2150E333-8FDC-42A3-9474-1A3956D46DE8}") = "tests", "tests", "{FCBD56AE-DB9A-431C-BF86-F6D6735D1DC3}"
EndProject
Project("{FAE04EC0-301F-11D3-BF4B-00C04F79EFBC}") = "ECC.DanceCup.Auth.Utils", "src\ECC.DanceCup.Auth.Utils\ECC.DanceCup.Auth.Utils.csproj", "{262D73C6-6399-41CF-ACCC-FAF4A102C49A}"
EndProject
Project("{FAE04EC0-301F-11D3-BF4B-00C04F79EFBC}") = "ECC.DanceCup.Auth.Domain", "src\ECC.DanceCup.Auth.Domain\ECC.DanceCup.Auth.Domain.csproj", "{AC883EE4-9E54-4756-A414-03A2D223FE49}"
EndProject
Project("{FAE04EC0-301F-11D3-BF4B-00C04F79EFBC}") = "ECC.DanceCup.Auth.Application", "src\ECC.DanceCup.Auth.Application\ECC.DanceCup.Auth.Application.csproj", "{8AAE8473-7D7D-4A3B-83E5-A27F33F5F547}"
EndProject
Project("{FAE04EC0-301F-11D3-BF4B-00C04F79EFBC}") = "ECC.DanceCup.Auth.Application.Abstractions", "src\ECC.DanceCup.Auth.Application.Abstractions\ECC.DanceCup.Auth.Application.Abstractions.csproj", "{1784E9A2-1AE0-480A-9135-F7262BB85CAB}"
EndProject
Project("{FAE04EC0-301F-11D3-BF4B-00C04F79EFBC}") = "ECC.DanceCup.Auth.Infrastructure.Storage", "src\ECC.DanceCup.Auth.Infrastructure.Storage\ECC.DanceCup.Auth.Infrastructure.Storage.csproj", "{032498F8-C56F-4B81-AB44-DE74C4A64EE3}"
EndProject
Project("{FAE04EC0-301F-11D3-BF4B-00C04F79EFBC}") = "ECC.DanceCup.Auth.Infrastructure.Security", "src\ECC.DanceCup.Auth.Infrastructure.Security\ECC.DanceCup.Auth.Infrastructure.Security.csproj", "{A3B0F567-C2A6-46EE-B322-B6A8F4B271BC}"
EndProject
Project("{FAE04EC0-301F-11D3-BF4B-00C04F79EFBC}") = "ECC.DanceCup.Auth.Presentation.Grpc", "src\ECC.DanceCup.Auth.Presentation.Grpc\ECC.DanceCup.Auth.Presentation.Grpc.csproj", "{B061311E-F2C9-42F3-B480-ED061A6776C2}"
EndProject
Project("{FAE04EC0-301F-11D3-BF4B-00C04F79EFBC}") = "ECC.DanceCup.Auth.Tests.Common", "tests\ECC.DanceCup.Auth.Tests.Common\ECC.DanceCup.Auth.Tests.Common.csproj", "{2D8B4EA4-E45E-408A-AB60-3E96AA1148D7}"
EndProject
Project("{FAE04EC0-301F-11D3-BF4B-00C04F79EFBC}") = "ECC.DanceCup.Auth.Application.Tests", "tests\ECC.DanceCup.Auth.Application.Tests\ECC.DanceCup.Auth.Application.Tests.csproj", "{0DC01454-2CBF-4341-9E81-5B5EA85151B1}"
EndProject
Project("{FAE04EC0-301F-11D3-BF4B-00C04F79EFBC}") = "ECC.DanceCup.Auth.Infrastructure.Notifications", "src\ECC.DanceCup.Auth.Infrastructure.Notifications\ECC.DanceCup.Auth.Infrastructure.Notifications.csproj", "{4F2AC9DD-2559-47B4-BD79-5B8C821883FA}"
EndProject
Project("{2150E333-8FDC-42A3-9474-1A3956D46DE8}") = "cicd", "cicd", "{0443A25C-1847-45D0-8A8B-9A1ECD85C915}"
	ProjectSection(SolutionItems) = preProject
		.github\workflows\github-cicd-dev.yml = .github\workflows\github-cicd-dev.yml
		.github\workflows\github-cicd-prod.yml = .github\workflows\github-cicd-prod.yml
	EndProjectSection
EndProject
Global
	GlobalSection(SolutionConfigurationPlatforms) = preSolution
		Debug|Any CPU = Debug|Any CPU
		Release|Any CPU = Release|Any CPU
	EndGlobalSection
	GlobalSection(NestedProjects) = preSolution
		{B0CCFD41-6779-47FE-9763-C9F3FAC7A4AE} = {F4131130-DDAA-471C-B655-D99479E2BB7D}
		{1BBB0A58-CDCB-47B1-A2AF-978A7C4FB38C} = {F4131130-DDAA-471C-B655-D99479E2BB7D}
		{B4BC0231-5C07-4705-A9A2-8DAC06251E5C} = {F4131130-DDAA-471C-B655-D99479E2BB7D}
		{29462F65-5941-416E-A921-206CDF892563} = {F4131130-DDAA-471C-B655-D99479E2BB7D}
		{843C521D-0AC4-428E-BA19-B34D56682D5C} = {F4131130-DDAA-471C-B655-D99479E2BB7D}
		{262D73C6-6399-41CF-ACCC-FAF4A102C49A} = {F4131130-DDAA-471C-B655-D99479E2BB7D}
		{AC883EE4-9E54-4756-A414-03A2D223FE49} = {1BBB0A58-CDCB-47B1-A2AF-978A7C4FB38C}
		{8AAE8473-7D7D-4A3B-83E5-A27F33F5F547} = {B4BC0231-5C07-4705-A9A2-8DAC06251E5C}
		{1784E9A2-1AE0-480A-9135-F7262BB85CAB} = {B4BC0231-5C07-4705-A9A2-8DAC06251E5C}
		{032498F8-C56F-4B81-AB44-DE74C4A64EE3} = {29462F65-5941-416E-A921-206CDF892563}
		{A3B0F567-C2A6-46EE-B322-B6A8F4B271BC} = {29462F65-5941-416E-A921-206CDF892563}
		{B061311E-F2C9-42F3-B480-ED061A6776C2} = {843C521D-0AC4-428E-BA19-B34D56682D5C}
		{2D8B4EA4-E45E-408A-AB60-3E96AA1148D7} = {FCBD56AE-DB9A-431C-BF86-F6D6735D1DC3}
		{0DC01454-2CBF-4341-9E81-5B5EA85151B1} = {FCBD56AE-DB9A-431C-BF86-F6D6735D1DC3}
		{4F2AC9DD-2559-47B4-BD79-5B8C821883FA} = {29462F65-5941-416E-A921-206CDF892563}
	EndGlobalSection
	GlobalSection(ProjectConfigurationPlatforms) = postSolution
		{B0CCFD41-6779-47FE-9763-C9F3FAC7A4AE}.Debug|Any CPU.ActiveCfg = Debug|Any CPU
		{B0CCFD41-6779-47FE-9763-C9F3FAC7A4AE}.Debug|Any CPU.Build.0 = Debug|Any CPU
		{B0CCFD41-6779-47FE-9763-C9F3FAC7A4AE}.Release|Any CPU.ActiveCfg = Release|Any CPU
		{B0CCFD41-6779-47FE-9763-C9F3FAC7A4AE}.Release|Any CPU.Build.0 = Release|Any CPU
		{262D73C6-6399-41CF-ACCC-FAF4A102C49A}.Debug|Any CPU.ActiveCfg = Debug|Any CPU
		{262D73C6-6399-41CF-ACCC-FAF4A102C49A}.Debug|Any CPU.Build.0 = Debug|Any CPU
		{262D73C6-6399-41CF-ACCC-FAF4A102C49A}.Release|Any CPU.ActiveCfg = Release|Any CPU
		{262D73C6-6399-41CF-ACCC-FAF4A102C49A}.Release|Any CPU.Build.0 = Release|Any CPU
		{AC883EE4-9E54-4756-A414-03A2D223FE49}.Debug|Any CPU.ActiveCfg = Debug|Any CPU
		{AC883EE4-9E54-4756-A414-03A2D223FE49}.Debug|Any CPU.Build.0 = Debug|Any CPU
		{AC883EE4-9E54-4756-A414-03A2D223FE49}.Release|Any CPU.ActiveCfg = Release|Any CPU
		{AC883EE4-9E54-4756-A414-03A2D223FE49}.Release|Any CPU.Build.0 = Release|Any CPU
		{8AAE8473-7D7D-4A3B-83E5-A27F33F5F547}.Debug|Any CPU.ActiveCfg = Debug|Any CPU
		{8AAE8473-7D7D-4A3B-83E5-A27F33F5F547}.Debug|Any CPU.Build.0 = Debug|Any CPU
		{8AAE8473-7D7D-4A3B-83E5-A27F33F5F547}.Release|Any CPU.ActiveCfg = Release|Any CPU
		{8AAE8473-7D7D-4A3B-83E5-A27F33F5F547}.Release|Any CPU.Build.0 = Release|Any CPU
		{1784E9A2-1AE0-480A-9135-F7262BB85CAB}.Debug|Any CPU.ActiveCfg = Debug|Any CPU
		{1784E9A2-1AE0-480A-9135-F7262BB85CAB}.Debug|Any CPU.Build.0 = Debug|Any CPU
		{1784E9A2-1AE0-480A-9135-F7262BB85CAB}.Release|Any CPU.ActiveCfg = Release|Any CPU
		{1784E9A2-1AE0-480A-9135-F7262BB85CAB}.Release|Any CPU.Build.0 = Release|Any CPU
		{032498F8-C56F-4B81-AB44-DE74C4A64EE3}.Debug|Any CPU.ActiveCfg = Debug|Any CPU
		{032498F8-C56F-4B81-AB44-DE74C4A64EE3}.Debug|Any CPU.Build.0 = Debug|Any CPU
		{032498F8-C56F-4B81-AB44-DE74C4A64EE3}.Release|Any CPU.ActiveCfg = Release|Any CPU
		{032498F8-C56F-4B81-AB44-DE74C4A64EE3}.Release|Any CPU.Build.0 = Release|Any CPU
		{A3B0F567-C2A6-46EE-B322-B6A8F4B271BC}.Debug|Any CPU.ActiveCfg = Debug|Any CPU
		{A3B0F567-C2A6-46EE-B322-B6A8F4B271BC}.Debug|Any CPU.Build.0 = Debug|Any CPU
		{A3B0F567-C2A6-46EE-B322-B6A8F4B271BC}.Release|Any CPU.ActiveCfg = Release|Any CPU
		{A3B0F567-C2A6-46EE-B322-B6A8F4B271BC}.Release|Any CPU.Build.0 = Release|Any CPU
		{B061311E-F2C9-42F3-B480-ED061A6776C2}.Debug|Any CPU.ActiveCfg = Debug|Any CPU
		{B061311E-F2C9-42F3-B480-ED061A6776C2}.Debug|Any CPU.Build.0 = Debug|Any CPU
		{B061311E-F2C9-42F3-B480-ED061A6776C2}.Release|Any CPU.ActiveCfg = Release|Any CPU
		{B061311E-F2C9-42F3-B480-ED061A6776C2}.Release|Any CPU.Build.0 = Release|Any CPU
		{2D8B4EA4-E45E-408A-AB60-3E96AA1148D7}.Debug|Any CPU.ActiveCfg = Debug|Any CPU
		{2D8B4EA4-E45E-408A-AB60-3E96AA1148D7}.Debug|Any CPU.Build.0 = Debug|Any CPU
		{2D8B4EA4-E45E-408A-AB60-3E96AA1148D7}.Release|Any CPU.ActiveCfg = Release|Any CPU
		{2D8B4EA4-E45E-408A-AB60-3E96AA1148D7}.Release|Any CPU.Build.0 = Release|Any CPU
		{0DC01454-2CBF-4341-9E81-5B5EA85151B1}.Debug|Any CPU.ActiveCfg = Debug|Any CPU
		{0DC01454-2CBF-4341-9E81-5B5EA85151B1}.Debug|Any CPU.Build.0 = Debug|Any CPU
		{0DC01454-2CBF-4341-9E81-5B5EA85151B1}.Release|Any CPU.ActiveCfg = Release|Any CPU
		{0DC01454-2CBF-4341-9E81-5B5EA85151B1}.Release|Any CPU.Build.0 = Release|Any CPU
		{4F2AC9DD-2559-47B4-BD79-5B8C821883FA}.Debug|Any CPU.ActiveCfg = Debug|Any CPU
		{4F2AC9DD-2559-47B4-BD79-5B8C821883FA}.Debug|Any CPU.Build.0 = Debug|Any CPU
		{4F2AC9DD-2559-47B4-BD79-5B8C821883FA}.Release|Any CPU.ActiveCfg = Release|Any CPU
		{4F2AC9DD-2559-47B4-BD79-5B8C821883FA}.Release|Any CPU.Build.0 = Release|Any CPU
	EndGlobalSection
EndGlobal
